Microsoft Visual Studio Solution File, Format Version 12.00
# Visual Studio 2012
Project("{FAE04EC0-301F-11D3-BF4B-00C04F79EFBC}") = "RBT", "RBT.csproj", "{1AFC463E-5B5E-4E43-B498-0CB1BA004C0F}"
EndProject
Global
	GlobalSection(SolutionConfigurationPlatforms) = preSolution
	Debug|Any CPU = Debug|Any CPU
	ExportDebug|Any CPU = ExportDebug|Any CPU
	ExportRelease|Any CPU = ExportRelease|Any CPU
	EndGlobalSection
	GlobalSection(ProjectConfigurationPlatforms) = postSolution
		{1AFC463E-5B5E-4E43-B498-0CB1BA004C0F}.Debug|Any CPU.ActiveCfg = Debug|Any CPU
		{1AFC463E-5B5E-4E43-B498-0CB1BA004C0F}.Debug|Any CPU.Build.0 = Debug|Any CPU
		{1AFC463E-5B5E-4E43-B498-0CB1BA004C0F}.ExportDebug|Any CPU.ActiveCfg = ExportDebug|Any CPU
		{1AFC463E-5B5E-4E43-B498-0CB1BA004C0F}.ExportDebug|Any CPU.Build.0 = ExportDebug|Any CPU
		{1AFC463E-5B5E-4E43-B498-0CB1BA004C0F}.ExportRelease|Any CPU.ActiveCfg = ExportRelease|Any CPU
		{1AFC463E-5B5E-4E43-B498-0CB1BA004C0F}.ExportRelease|Any CPU.Build.0 = ExportRelease|Any CPU
	EndGlobalSection
EndGlobal
